
Microsoft Visual Studio Solution File, Format Version 12.00
# Visual Studio Version 16
VisualStudioVersion = 16.0.30717.126
MinimumVisualStudioVersion = 10.0.40219.1
Project("{FAE04EC0-301F-11D3-BF4B-00C04F79EFBC}") = "pattern_mvpdz", "pattern_mvpdz\pattern_mvpdz.csproj", "{731DB399-9873-4F1D-96ED-B8B70E341B8C}"
EndProject
Global
	GlobalSection(SolutionConfigurationPlatforms) = preSolution
		Debug|Any CPU = Debug|Any CPU
		Release|Any CPU = Release|Any CPU
	EndGlobalSection
	GlobalSection(ProjectConfigurationPlatforms) = postSolution
		{731DB399-9873-4F1D-96ED-B8B70E341B8C}.Debug|Any CPU.ActiveCfg = Debug|Any CPU
		{731DB399-9873-4F1D-96ED-B8B70E341B8C}.Debug|Any CPU.Build.0 = Debug|Any CPU
		{731DB399-9873-4F1D-96ED-B8B70E341B8C}.Release|Any CPU.ActiveCfg = Release|Any CPU
		{731DB399-9873-4F1D-96ED-B8B70E341B8C}.Release|Any CPU.Build.0 = Release|Any CPU
	EndGlobalSection
	GlobalSection(SolutionProperties) = preSolution
		HideSolutionNode = FALSE
	EndGlobalSection
	GlobalSection(ExtensibilityGlobals) = postSolution
		SolutionGuid = {4FC66CA1-3602-45BC-BE0B-C684FC520727}
	EndGlobalSection
EndGlobal
